<?xml version="1.0" encoding="utf-8"?>
<Project ToolsVersion="4.0" xmlns="http://schemas.microsoft.com/developer/msbuild/2003">
  <ItemGroup>
    <ClCompile Include="robot_base.cpp" />
    <ClCompile Include="Robots\Robot.cpp">
      <Filter>Robots</Filter>
    </ClCompile>
    <ClCompile Include="BehaviorTree\BehaviorTree.cpp">
      <Filter>BehaviorTree</Filter>
    </ClCompile>
    <ClCompile Include="BehaviorTree\Blackboard.cpp">
      <Filter>BehaviorTree</Filter>
    </ClCompile>
    <ClCompile Include="BehaviorTree\BTNode.cpp">
      <Filter>BehaviorTree</Filter>
    </ClCompile>
    <ClCompile Include="BehaviorTree\BTTaskNode.cpp">
      <Filter>BehaviorTree</Filter>
    </ClCompile>
    <ClCompile Include="BehaviorTree\Composites\BTCompositeNode.cpp">
      <Filter>BehaviorTree\Composites</Filter>
    </ClCompile>
    <ClCompile Include="BehaviorTree\Composites\BTCompositeSelector.cpp">
      <Filter>BehaviorTree\Composites</Filter>
    </ClCompile>
    <ClCompile Include="BehaviorTree\Decorators\BTDecoratorNode.cpp">
      <Filter>BehaviorTree\Decorators</Filter>
    </ClCompile>
  </ItemGroup>
  <ItemGroup>
    <ClInclude Include="BehaviorTree\BehaviorTree.h">
      <Filter>BehaviorTree</Filter>
    </ClInclude>
    <ClInclude Include="BehaviorTree\BTTaskNode.h">
      <Filter>BehaviorTree</Filter>
    </ClInclude>
    <ClInclude Include="BehaviorTree\BTNode.h">
      <Filter>BehaviorTree</Filter>
    </ClInclude>
    <ClInclude Include="BehaviorTree\Blackboard.h">
      <Filter>BehaviorTree</Filter>
    </ClInclude>
    <ClInclude Include="Robots\Robot.h">
      <Filter>Robots</Filter>
    </ClInclude>
    <ClInclude Include="RobotAI\RobotTasks.h">
      <Filter>RobotAI</Filter>
    </ClInclude>
    <ClInclude Include="BehaviorTree\Decorators\BTDecoratorNode.h">
      <Filter>BehaviorTree\Decorators</Filter>
    </ClInclude>
    <ClInclude Include="BehaviorTree\Composites\BTCompositeNode.h">
      <Filter>BehaviorTree\Composites</Filter>
    </ClInclude>
    <ClInclude Include="BehaviorTree\Composites\BTCompositeSelector.h">
      <Filter>BehaviorTree\Composites</Filter>
    </ClInclude>
  </ItemGroup>
  <ItemGroup>
    <CustomBuild Include="robot_base.def" />
  </ItemGroup>
  <ItemGroup>
    <Filter Include="Robots">
      <UniqueIdentifier>{596ed847-1e1a-4b98-a050-97a6ece75034}</UniqueIdentifier>
    </Filter>
    <Filter Include="RobotAI">
      <UniqueIdentifier>{80491690-8a85-4557-82f0-44f4eab2f1fa}</UniqueIdentifier>
    </Filter>
    <Filter Include="BehaviorTree">
      <UniqueIdentifier>{cb3515f2-5563-4282-b701-8d8982801216}</UniqueIdentifier>
    </Filter>
    <Filter Include="BehaviorTree\Composites">
      <UniqueIdentifier>{c3442f76-8efa-4819-b78c-ce794a3e2497}</UniqueIdentifier>
    </Filter>
    <Filter Include="BehaviorTree\Decorators">
      <UniqueIdentifier>{5222d344-c116-4db6-ab39-7106c5db61fc}</UniqueIdentifier>
    </Filter>
  </ItemGroup>
</Project>